
Microsoft Visual Studio Solution File, Format Version 12.00
# Visual Studio Version 17
VisualStudioVersion = 17.4.33110.190
MinimumVisualStudioVersion = 10.0.40219.1
Project("{888888A0-9F3D-457C-B088-3A5042F75D52}") = "steppy", "steppy.pyproj", "{ADD084CC-751B-4F96-B676-F5D745AFEC69}"
EndProject
Global
	GlobalSection(SolutionConfigurationPlatforms) = preSolution
		Debug|Any CPU = Debug|Any CPU
		Release|Any CPU = Release|Any CPU
	EndGlobalSection
	GlobalSection(ProjectConfigurationPlatforms) = postSolution
		{ADD084CC-751B-4F96-B676-F5D745AFEC69}.Debug|Any CPU.ActiveCfg = Debug|Any CPU
		{ADD084CC-751B-4F96-B676-F5D745AFEC69}.Release|Any CPU.ActiveCfg = Release|Any CPU
	EndGlobalSection
	GlobalSection(SolutionProperties) = preSolution
		HideSolutionNode = FALSE
	EndGlobalSection
	GlobalSection(ExtensibilityGlobals) = postSolution
		SolutionGuid = {D3CF135A-0F55-46EE-AB32-9C0564994444}
	EndGlobalSection
EndGlobal
